
Microsoft Visual Studio Solution File, Format Version 12.00
# Visual Studio Version 17
VisualStudioVersion = 17.4.33213.308
MinimumVisualStudioVersion = 10.0.40219.1
Project("{8BC9CEB8-8B4A-11D0-8D11-00A0C91BC942}") = "LoginServer_Multi", "LoginServer\LoginServer.vcxproj", "{E1D49769-EEA2-49A2-BD67-9A7FB3FAF21F}"
EndProject
Project("{8BC9CEB8-8B4A-11D0-8D11-00A0C91BC942}") = "LoginServer_Single", "LoginServer_Single\LoginServer_Single.vcxproj", "{0A1A3ECA-FB18-437D-9B03-E2F1AACDCA69}"
EndProject
Global
	GlobalSection(SolutionConfigurationPlatforms) = preSolution
		Debug|x64 = Debug|x64
		Debug|x86 = Debug|x86
		Release|x64 = Release|x64
		Release|x86 = Release|x86
	EndGlobalSection
	GlobalSection(ProjectConfigurationPlatforms) = postSolution
		{E1D49769-EEA2-49A2-BD67-9A7FB3FAF21F}.Debug|x64.ActiveCfg = Debug|x64
		{E1D49769-EEA2-49A2-BD67-9A7FB3FAF21F}.Debug|x64.Build.0 = Debug|x64
		{E1D49769-EEA2-49A2-BD67-9A7FB3FAF21F}.Debug|x86.ActiveCfg = Debug|Win32
		{E1D49769-EEA2-49A2-BD67-9A7FB3FAF21F}.Debug|x86.Build.0 = Debug|Win32
		{E1D49769-EEA2-49A2-BD67-9A7FB3FAF21F}.Release|x64.ActiveCfg = Release|x64
		{E1D49769-EEA2-49A2-BD67-9A7FB3FAF21F}.Release|x64.Build.0 = Release|x64
		{E1D49769-EEA2-49A2-BD67-9A7FB3FAF21F}.Release|x86.ActiveCfg = Release|Win32
		{E1D49769-EEA2-49A2-BD67-9A7FB3FAF21F}.Release|x86.Build.0 = Release|Win32
		{0A1A3ECA-FB18-437D-9B03-E2F1AACDCA69}.Debug|x64.ActiveCfg = Debug|x64
		{0A1A3ECA-FB18-437D-9B03-E2F1AACDCA69}.Debug|x64.Build.0 = Debug|x64
		{0A1A3ECA-FB18-437D-9B03-E2F1AACDCA69}.Debug|x86.ActiveCfg = Debug|Win32
		{0A1A3ECA-FB18-437D-9B03-E2F1AACDCA69}.Debug|x86.Build.0 = Debug|Win32
		{0A1A3ECA-FB18-437D-9B03-E2F1AACDCA69}.Release|x64.ActiveCfg = Release|x64
		{0A1A3ECA-FB18-437D-9B03-E2F1AACDCA69}.Release|x64.Build.0 = Release|x64
		{0A1A3ECA-FB18-437D-9B03-E2F1AACDCA69}.Release|x86.ActiveCfg = Release|Win32
		{0A1A3ECA-FB18-437D-9B03-E2F1AACDCA69}.Release|x86.Build.0 = Release|Win32
	EndGlobalSection
	GlobalSection(SolutionProperties) = preSolution
		HideSolutionNode = FALSE
	EndGlobalSection
	GlobalSection(ExtensibilityGlobals) = postSolution
		SolutionGuid = {70B42792-44F7-46E5-956A-F19FC7177CF6}
	EndGlobalSection
EndGlobal
